
Microsoft Visual Studio Solution File, Format Version 12.00
Project("{FAE04EC0-301F-11D3-BF4B-00C04F79EFBC}") = "Sequence2k1", "Sequence2k1\Sequence2k1.csproj", "{19DFEEAA-ECE1-4867-9C86-2E43ED1BD70B}"
EndProject
Global
	GlobalSection(SolutionConfigurationPlatforms) = preSolution
		Debug|Any CPU = Debug|Any CPU
		Release|Any CPU = Release|Any CPU
	EndGlobalSection
	GlobalSection(ProjectConfigurationPlatforms) = postSolution
		{19DFEEAA-ECE1-4867-9C86-2E43ED1BD70B}.Debug|Any CPU.ActiveCfg = Debug|Any CPU
		{19DFEEAA-ECE1-4867-9C86-2E43ED1BD70B}.Debug|Any CPU.Build.0 = Debug|Any CPU
		{19DFEEAA-ECE1-4867-9C86-2E43ED1BD70B}.Release|Any CPU.ActiveCfg = Release|Any CPU
		{19DFEEAA-ECE1-4867-9C86-2E43ED1BD70B}.Release|Any CPU.Build.0 = Release|Any CPU
	EndGlobalSection
EndGlobal
